
Microsoft Visual Studio Solution File, Format Version 12.00
# Visual Studio Version 16
VisualStudioVersion = 16.0.31424.327
MinimumVisualStudioVersion = 10.0.40219.1
Project("{9A19103F-16F7-4668-BE54-9A1E7A4F7556}") = "Framework", "Framework\Framework.csproj", "{72534CE0-65A0-46B6-BD1B-2AE01E308F72}"
EndProject
Project("{2150E333-8FDC-42A3-9474-1A3956D46DE8}") = "SM.Application", "SM.Application", "{CAF406E0-FE60-4D68-B876-2BCAD667C852}"
EndProject
Project("{9A19103F-16F7-4668-BE54-9A1E7A4F7556}") = "ShopManagement.Application", "ShopManagement.Application\ShopManagement.Application.csproj", "{9221E254-8123-41E0-AF8F-3CACDE6F92A8}"
EndProject
Project("{9A19103F-16F7-4668-BE54-9A1E7A4F7556}") = "ShopManagement.Application.Contracts", "ShopManagement.Application.Contracts\ShopManagement.Application.Contracts.csproj", "{9C9C60DC-E084-4BD5-A214-B3335BAC741A}"
EndProject
Project("{2150E333-8FDC-42A3-9474-1A3956D46DE8}") = "SM.Domain", "SM.Domain", "{C0A99EBF-01C5-4AB9-9D0A-E341EA87534C}"
EndProject
Project("{2150E333-8FDC-42A3-9474-1A3956D46DE8}") = "SM.Infrastructure", "SM.Infrastructure", "{A6EC39E3-1E09-4CC1-872F-ADEEF1A00A2B}"
EndProject
Project("{9A19103F-16F7-4668-BE54-9A1E7A4F7556}") = "ShopManagement.Domain", "ShopManagement.Domain\ShopManagement.Domain.csproj", "{713D59B2-506E-41C7-8702-2B384A83CBF4}"
EndProject
Project("{9A19103F-16F7-4668-BE54-9A1E7A4F7556}") = "ShopManagement.Infrastructure.EfCore", "ShopManagement.Infrastructure.EfCore\ShopManagement.Infrastructure.EfCore.csproj", "{A494BFDC-558B-469C-B45F-D99DA8347804}"
EndProject
Project("{9A19103F-16F7-4668-BE54-9A1E7A4F7556}") = "ShopManagement.Configuration", "ShopManagement.Configuration\ShopManagement.Configuration.csproj", "{1C8208E9-5812-4A2F-AC29-0448C552D997}"
EndProject
Project("{9A19103F-16F7-4668-BE54-9A1E7A4F7556}") = "ServiceHost", "ServiceHost\ServiceHost.csproj", "{B46432B4-53D9-4687-946A-8CE511A096A5}"
EndProject
Project("{9A19103F-16F7-4668-BE54-9A1E7A4F7556}") = "LampshadeQuery", "LampshadeQuery\LampshadeQuery.csproj", "{9D6C3627-C0DA-43EE-9BC5-70E4C77F8A7E}"
EndProject
Project("{2150E333-8FDC-42A3-9474-1A3956D46DE8}") = "ShopManagement", "ShopManagement", "{A70A9477-6A46-4133-B8B4-8E234DEB7736}"
EndProject
Project("{2150E333-8FDC-42A3-9474-1A3956D46DE8}") = "DiscountManagement", "DiscountManagement", "{AC991C79-0479-4EDD-B592-7378D1F4BAB6}"
EndProject
Project("{2150E333-8FDC-42A3-9474-1A3956D46DE8}") = "DM.Domain", "DM.Domain", "{F957AC7A-BD81-4248-AF6A-15B39ED7F010}"
EndProject
Project("{9A19103F-16F7-4668-BE54-9A1E7A4F7556}") = "DiscountManagement.Domain", "DiscountManagement.Domain\DiscountManagement.Domain.csproj", "{E7B64172-8DCE-497E-AC37-4C18949A5021}"
EndProject
Project("{2150E333-8FDC-42A3-9474-1A3956D46DE8}") = "DM.Application", "DM.Application", "{2A56AA5F-8405-4807-8AF1-D860F0FA5212}"
EndProject
Project("{9A19103F-16F7-4668-BE54-9A1E7A4F7556}") = "DiscountManagement.Application.Contracts", "DiscountManagement.Application.Contract\DiscountManagement.Application.Contracts.csproj", "{1B086913-B98A-4B56-A6FF-9E39F4B688DD}"
EndProject
Project("{9A19103F-16F7-4668-BE54-9A1E7A4F7556}") = "DiscountManagement.Application", "DiscountManagement.Application\DiscountManagement.Application.csproj", "{B23A3674-575D-449A-8B63-ED26A79A90C7}"
EndProject
Project("{2150E333-8FDC-42A3-9474-1A3956D46DE8}") = "DM.Infrastructure", "DM.Infrastructure", "{DE356758-D89B-4562-8B44-AB0F87770A7C}"
EndProject
Project("{9A19103F-16F7-4668-BE54-9A1E7A4F7556}") = "DiscountManagement.Infrastructure.EfCore", "DiscountManagement.Infrastructure.EfCore\DiscountManagement.Infrastructure.EfCore.csproj", "{4F36AED0-17A9-4F72-8395-99724BDDEA69}"
EndProject
Project("{9A19103F-16F7-4668-BE54-9A1E7A4F7556}") = "DiscountManagement.Infrastructure.Configurations", "DiscountManagement.Infrastructure.Configurations\DiscountManagement.Infrastructure.Configurations.csproj", "{2780FC48-0FF3-48D1-BAC7-76D8E40A81E6}"
EndProject
Project("{2150E333-8FDC-42A3-9474-1A3956D46DE8}") = "InventoryManagement", "InventoryManagement", "{69FB376C-233B-4401-ACF6-43D0E5FCEAD6}"
EndProject
Project("{2150E333-8FDC-42A3-9474-1A3956D46DE8}") = "IM.Domain", "IM.Domain", "{7546C0DA-EA23-44AB-B60C-7D060FF2421A}"
EndProject
Project("{9A19103F-16F7-4668-BE54-9A1E7A4F7556}") = "InventoryManagement.Domain", "InventoryManagement.Domain\InventoryManagement.Domain.csproj", "{92101F96-23CD-423C-AA1D-39CFD983DB3D}"
EndProject
Project("{2150E333-8FDC-42A3-9474-1A3956D46DE8}") = "IM.Application", "IM.Application", "{F10DB079-4FC7-4FAD-BA35-98C6D5E4F6F1}"
EndProject
Project("{9A19103F-16F7-4668-BE54-9A1E7A4F7556}") = "InventoryManagement.Application.Contracts", "InventoryManagement.Application.Contracts\InventoryManagement.Application.Contracts.csproj", "{3CC45DC7-684A-4FE0-BBA7-213479D4026F}"
EndProject
Project("{2150E333-8FDC-42A3-9474-1A3956D46DE8}") = "IM.Infrastructure", "IM.Infrastructure", "{6318B4CF-4DA6-4F3B-A425-FC8A0F38219E}"
EndProject
Project("{9A19103F-16F7-4668-BE54-9A1E7A4F7556}") = "InventoryManagement.Infrastructure.EFCore", "InventoryManagement.Infrastructure.EFCore\InventoryManagement.Infrastructure.EFCore.csproj", "{FF925480-328F-43D1-9060-1FA0043CD420}"
EndProject
Project("{9A19103F-16F7-4668-BE54-9A1E7A4F7556}") = "InventoryManagement.Application", "InventoryManagement.Application\InventoryManagement.Application.csproj", "{C31C7A0F-85D8-4BF1-ADEB-4768B7093E82}"
EndProject
Project("{FAE04EC0-301F-11D3-BF4B-00C04F79EFBC}") = "InventoryManagement.Infrastructure.Configurations", "InventoryManagement.Infrastructure.Configurations\InventoryManagement.Infrastructure.Configurations.csproj", "{5D933B62-037F-4091-BD73-8F5B597A0219}"
EndProject
Global
	GlobalSection(SolutionConfigurationPlatforms) = preSolution
		Debug|Any CPU = Debug|Any CPU
		Release|Any CPU = Release|Any CPU
	EndGlobalSection
	GlobalSection(ProjectConfigurationPlatforms) = postSolution
		{72534CE0-65A0-46B6-BD1B-2AE01E308F72}.Debug|Any CPU.ActiveCfg = Debug|Any CPU
		{72534CE0-65A0-46B6-BD1B-2AE01E308F72}.Debug|Any CPU.Build.0 = Debug|Any CPU
		{72534CE0-65A0-46B6-BD1B-2AE01E308F72}.Release|Any CPU.ActiveCfg = Release|Any CPU
		{72534CE0-65A0-46B6-BD1B-2AE01E308F72}.Release|Any CPU.Build.0 = Release|Any CPU
		{9221E254-8123-41E0-AF8F-3CACDE6F92A8}.Debug|Any CPU.ActiveCfg = Debug|Any CPU
		{9221E254-8123-41E0-AF8F-3CACDE6F92A8}.Debug|Any CPU.Build.0 = Debug|Any CPU
		{9221E254-8123-41E0-AF8F-3CACDE6F92A8}.Release|Any CPU.ActiveCfg = Release|Any CPU
		{9221E254-8123-41E0-AF8F-3CACDE6F92A8}.Release|Any CPU.Build.0 = Release|Any CPU
		{9C9C60DC-E084-4BD5-A214-B3335BAC741A}.Debug|Any CPU.ActiveCfg = Debug|Any CPU
		{9C9C60DC-E084-4BD5-A214-B3335BAC741A}.Debug|Any CPU.Build.0 = Debug|Any CPU
		{9C9C60DC-E084-4BD5-A214-B3335BAC741A}.Release|Any CPU.ActiveCfg = Release|Any CPU
		{9C9C60DC-E084-4BD5-A214-B3335BAC741A}.Release|Any CPU.Build.0 = Release|Any CPU
		{713D59B2-506E-41C7-8702-2B384A83CBF4}.Debug|Any CPU.ActiveCfg = Debug|Any CPU
		{713D59B2-506E-41C7-8702-2B384A83CBF4}.Debug|Any CPU.Build.0 = Debug|Any CPU
		{713D59B2-506E-41C7-8702-2B384A83CBF4}.Release|Any CPU.ActiveCfg = Release|Any CPU
		{713D59B2-506E-41C7-8702-2B384A83CBF4}.Release|Any CPU.Build.0 = Release|Any CPU
		{A494BFDC-558B-469C-B45F-D99DA8347804}.Debug|Any CPU.ActiveCfg = Debug|Any CPU
		{A494BFDC-558B-469C-B45F-D99DA8347804}.Debug|Any CPU.Build.0 = Debug|Any CPU
		{A494BFDC-558B-469C-B45F-D99DA8347804}.Release|Any CPU.ActiveCfg = Release|Any CPU
		{A494BFDC-558B-469C-B45F-D99DA8347804}.Release|Any CPU.Build.0 = Release|Any CPU
		{1C8208E9-5812-4A2F-AC29-0448C552D997}.Debug|Any CPU.ActiveCfg = Debug|Any CPU
		{1C8208E9-5812-4A2F-AC29-0448C552D997}.Debug|Any CPU.Build.0 = Debug|Any CPU
		{1C8208E9-5812-4A2F-AC29-0448C552D997}.Release|Any CPU.ActiveCfg = Release|Any CPU
		{1C8208E9-5812-4A2F-AC29-0448C552D997}.Release|Any CPU.Build.0 = Release|Any CPU
		{B46432B4-53D9-4687-946A-8CE511A096A5}.Debug|Any CPU.ActiveCfg = Debug|Any CPU
		{B46432B4-53D9-4687-946A-8CE511A096A5}.Debug|Any CPU.Build.0 = Debug|Any CPU
		{B46432B4-53D9-4687-946A-8CE511A096A5}.Release|Any CPU.ActiveCfg = Release|Any CPU
		{B46432B4-53D9-4687-946A-8CE511A096A5}.Release|Any CPU.Build.0 = Release|Any CPU
		{9D6C3627-C0DA-43EE-9BC5-70E4C77F8A7E}.Debug|Any CPU.ActiveCfg = Debug|Any CPU
		{9D6C3627-C0DA-43EE-9BC5-70E4C77F8A7E}.Debug|Any CPU.Build.0 = Debug|Any CPU
		{9D6C3627-C0DA-43EE-9BC5-70E4C77F8A7E}.Release|Any CPU.ActiveCfg = Release|Any CPU
		{9D6C3627-C0DA-43EE-9BC5-70E4C77F8A7E}.Release|Any CPU.Build.0 = Release|Any CPU
		{E7B64172-8DCE-497E-AC37-4C18949A5021}.Debug|Any CPU.ActiveCfg = Debug|Any CPU
		{E7B64172-8DCE-497E-AC37-4C18949A5021}.Debug|Any CPU.Build.0 = Debug|Any CPU
		{E7B64172-8DCE-497E-AC37-4C18949A5021}.Release|Any CPU.ActiveCfg = Release|Any CPU
		{E7B64172-8DCE-497E-AC37-4C18949A5021}.Release|Any CPU.Build.0 = Release|Any CPU
		{1B086913-B98A-4B56-A6FF-9E39F4B688DD}.Debug|Any CPU.ActiveCfg = Debug|Any CPU
		{1B086913-B98A-4B56-A6FF-9E39F4B688DD}.Debug|Any CPU.Build.0 = Debug|Any CPU
		{1B086913-B98A-4B56-A6FF-9E39F4B688DD}.Release|Any CPU.ActiveCfg = Release|Any CPU
		{1B086913-B98A-4B56-A6FF-9E39F4B688DD}.Release|Any CPU.Build.0 = Release|Any CPU
		{B23A3674-575D-449A-8B63-ED26A79A90C7}.Debug|Any CPU.ActiveCfg = Debug|Any CPU
		{B23A3674-575D-449A-8B63-ED26A79A90C7}.Debug|Any CPU.Build.0 = Debug|Any CPU
		{B23A3674-575D-449A-8B63-ED26A79A90C7}.Release|Any CPU.ActiveCfg = Release|Any CPU
		{B23A3674-575D-449A-8B63-ED26A79A90C7}.Release|Any CPU.Build.0 = Release|Any CPU
		{4F36AED0-17A9-4F72-8395-99724BDDEA69}.Debug|Any CPU.ActiveCfg = Debug|Any CPU
		{4F36AED0-17A9-4F72-8395-99724BDDEA69}.Debug|Any CPU.Build.0 = Debug|Any CPU
		{4F36AED0-17A9-4F72-8395-99724BDDEA69}.Release|Any CPU.ActiveCfg = Release|Any CPU
		{4F36AED0-17A9-4F72-8395-99724BDDEA69}.Release|Any CPU.Build.0 = Release|Any CPU
		{2780FC48-0FF3-48D1-BAC7-76D8E40A81E6}.Debug|Any CPU.ActiveCfg = Debug|Any CPU
		{2780FC48-0FF3-48D1-BAC7-76D8E40A81E6}.Debug|Any CPU.Build.0 = Debug|Any CPU
		{2780FC48-0FF3-48D1-BAC7-76D8E40A81E6}.Release|Any CPU.ActiveCfg = Release|Any CPU
		{2780FC48-0FF3-48D1-BAC7-76D8E40A81E6}.Release|Any CPU.Build.0 = Release|Any CPU
		{92101F96-23CD-423C-AA1D-39CFD983DB3D}.Debug|Any CPU.ActiveCfg = Debug|Any CPU
		{92101F96-23CD-423C-AA1D-39CFD983DB3D}.Debug|Any CPU.Build.0 = Debug|Any CPU
		{92101F96-23CD-423C-AA1D-39CFD983DB3D}.Release|Any CPU.ActiveCfg = Release|Any CPU
		{92101F96-23CD-423C-AA1D-39CFD983DB3D}.Release|Any CPU.Build.0 = Release|Any CPU
		{3CC45DC7-684A-4FE0-BBA7-213479D4026F}.Debug|Any CPU.ActiveCfg = Debug|Any CPU
		{3CC45DC7-684A-4FE0-BBA7-213479D4026F}.Debug|Any CPU.Build.0 = Debug|Any CPU
		{3CC45DC7-684A-4FE0-BBA7-213479D4026F}.Release|Any CPU.ActiveCfg = Release|Any CPU
		{3CC45DC7-684A-4FE0-BBA7-213479D4026F}.Release|Any CPU.Build.0 = Release|Any CPU
		{FF925480-328F-43D1-9060-1FA0043CD420}.Debug|Any CPU.ActiveCfg = Debug|Any CPU
		{FF925480-328F-43D1-9060-1FA0043CD420}.Debug|Any CPU.Build.0 = Debug|Any CPU
		{FF925480-328F-43D1-9060-1FA0043CD420}.Release|Any CPU.ActiveCfg = Release|Any CPU
		{FF925480-328F-43D1-9060-1FA0043CD420}.Release|Any CPU.Build.0 = Release|Any CPU
		{C31C7A0F-85D8-4BF1-ADEB-4768B7093E82}.Debug|Any CPU.ActiveCfg = Debug|Any CPU
		{C31C7A0F-85D8-4BF1-ADEB-4768B7093E82}.Debug|Any CPU.Build.0 = Debug|Any CPU
		{C31C7A0F-85D8-4BF1-ADEB-4768B7093E82}.Release|Any CPU.ActiveCfg = Release|Any CPU
		{C31C7A0F-85D8-4BF1-ADEB-4768B7093E82}.Release|Any CPU.Build.0 = Release|Any CPU
		{5D933B62-037F-4091-BD73-8F5B597A0219}.Debug|Any CPU.ActiveCfg = Debug|Any CPU
		{5D933B62-037F-4091-BD73-8F5B597A0219}.Debug|Any CPU.Build.0 = Debug|Any CPU
		{5D933B62-037F-4091-BD73-8F5B597A0219}.Release|Any CPU.ActiveCfg = Release|Any CPU
		{5D933B62-037F-4091-BD73-8F5B597A0219}.Release|Any CPU.Build.0 = Release|Any CPU
	EndGlobalSection
	GlobalSection(SolutionProperties) = preSolution
		HideSolutionNode = FALSE
	EndGlobalSection
	GlobalSection(NestedProjects) = preSolution
		{CAF406E0-FE60-4D68-B876-2BCAD667C852} = {A70A9477-6A46-4133-B8B4-8E234DEB7736}
		{9221E254-8123-41E0-AF8F-3CACDE6F92A8} = {CAF406E0-FE60-4D68-B876-2BCAD667C852}
		{9C9C60DC-E084-4BD5-A214-B3335BAC741A} = {CAF406E0-FE60-4D68-B876-2BCAD667C852}
		{C0A99EBF-01C5-4AB9-9D0A-E341EA87534C} = {A70A9477-6A46-4133-B8B4-8E234DEB7736}
		{A6EC39E3-1E09-4CC1-872F-ADEEF1A00A2B} = {A70A9477-6A46-4133-B8B4-8E234DEB7736}
		{713D59B2-506E-41C7-8702-2B384A83CBF4} = {C0A99EBF-01C5-4AB9-9D0A-E341EA87534C}
		{A494BFDC-558B-469C-B45F-D99DA8347804} = {A6EC39E3-1E09-4CC1-872F-ADEEF1A00A2B}
		{1C8208E9-5812-4A2F-AC29-0448C552D997} = {A6EC39E3-1E09-4CC1-872F-ADEEF1A00A2B}
		{F957AC7A-BD81-4248-AF6A-15B39ED7F010} = {AC991C79-0479-4EDD-B592-7378D1F4BAB6}
		{E7B64172-8DCE-497E-AC37-4C18949A5021} = {F957AC7A-BD81-4248-AF6A-15B39ED7F010}
		{2A56AA5F-8405-4807-8AF1-D860F0FA5212} = {AC991C79-0479-4EDD-B592-7378D1F4BAB6}
		{1B086913-B98A-4B56-A6FF-9E39F4B688DD} = {2A56AA5F-8405-4807-8AF1-D860F0FA5212}
		{B23A3674-575D-449A-8B63-ED26A79A90C7} = {2A56AA5F-8405-4807-8AF1-D860F0FA5212}
		{DE356758-D89B-4562-8B44-AB0F87770A7C} = {AC991C79-0479-4EDD-B592-7378D1F4BAB6}
		{4F36AED0-17A9-4F72-8395-99724BDDEA69} = {DE356758-D89B-4562-8B44-AB0F87770A7C}
		{2780FC48-0FF3-48D1-BAC7-76D8E40A81E6} = {DE356758-D89B-4562-8B44-AB0F87770A7C}
		{7546C0DA-EA23-44AB-B60C-7D060FF2421A} = {69FB376C-233B-4401-ACF6-43D0E5FCEAD6}
		{92101F96-23CD-423C-AA1D-39CFD983DB3D} = {7546C0DA-EA23-44AB-B60C-7D060FF2421A}
		{F10DB079-4FC7-4FAD-BA35-98C6D5E4F6F1} = {69FB376C-233B-4401-ACF6-43D0E5FCEAD6}
		{3CC45DC7-684A-4FE0-BBA7-213479D4026F} = {F10DB079-4FC7-4FAD-BA35-98C6D5E4F6F1}
		{6318B4CF-4DA6-4F3B-A425-FC8A0F38219E} = {69FB376C-233B-4401-ACF6-43D0E5FCEAD6}
		{FF925480-328F-43D1-9060-1FA0043CD420} = {6318B4CF-4DA6-4F3B-A425-FC8A0F38219E}
		{C31C7A0F-85D8-4BF1-ADEB-4768B7093E82} = {F10DB079-4FC7-4FAD-BA35-98C6D5E4F6F1}
		{5D933B62-037F-4091-BD73-8F5B597A0219} = {6318B4CF-4DA6-4F3B-A425-FC8A0F38219E}
	EndGlobalSection
	GlobalSection(ExtensibilityGlobals) = postSolution
		SolutionGuid = {19C18791-0041-4A1C-A85F-F72F259E11B2}
	EndGlobalSection
EndGlobal
